// !$*UTF8*$!
{
	archiveVersion = 1;
	classes = {
	};
	objectVersion = 77;
	objects = {

/* Begin PBXBuildFile section */
		23408CBA2E59309A00617E88 /* GRDB in Frameworks */ = {isa = PBXBuildFile; productRef = 23408CB92E59309A00617E88 /* GRDB */; };
		23408CBD2E5930B600617E88 /* GRDBQuery in Frameworks */ = {isa = PBXBuildFile; productRef = 23408CBC2E5930B600617E88 /* GRDBQuery */; };
		2355206E2F13F55500F934D2 /* Textual in Frameworks */ = {isa = PBXBuildFile; productRef = 2355206D2F13F55500F934D2 /* Textual */; };
		237FA0F12E6119D500CECD8F /* Localizable.xcstrings in Resources */ = {isa = PBXBuildFile; fileRef = 237FA0F02E6119D500CECD8F /* Localizable.xcstrings */; };
		23E75EDD2E84979C0002179A /* SDWebImage in Frameworks */ = {isa = PBXBuildFile; productRef = 23E75EDC2E84979C0002179A /* SDWebImage */; };
		23E75EE22E84A7BC0002179A /* SDWebImageWebPCoder in Frameworks */ = {isa = PBXBuildFile; productRef = 23E75EE12E84A7BC0002179A /* SDWebImageWebPCoder */; };
		23F7D9812E5B7A4300B51BD0 /* Nuke in Frameworks */ = {isa = PBXBuildFile; productRef = 23F7D9802E5B7A4300B51BD0 /* Nuke */; };
		23F7D9832E5B7A4300B51BD0 /* NukeUI in Frameworks */ = {isa = PBXBuildFile; productRef = 23F7D9822E5B7A4300B51BD0 /* NukeUI */; };
		23F7D9852E5B7A4300B51BD0 /* NukeVideo in Frameworks */ = {isa = PBXBuildFile; productRef = 23F7D9842E5B7A4300B51BD0 /* NukeVideo */; };
		23FE24C62E763AF500ACF1F0 /* InfoPlist.xcstrings in Resources */ = {isa = PBXBuildFile; fileRef = 23FE24C52E763AF500ACF1F0 /* InfoPlist.xcstrings */; };
/* End PBXBuildFile section */

/* Begin PBXFileReference section */
		23408CAA2E592EBD00617E88 /* EagleViewer.app */ = {isa = PBXFileReference; explicitFileType = wrapper.application; includeInIndex = 0; path = EagleViewer.app; sourceTree = BUILT_PRODUCTS_DIR; };
		237FA0F02E6119D500CECD8F /* Localizable.xcstrings */ = {isa = PBXFileReference; lastKnownFileType = text.json.xcstrings; path = Localizable.xcstrings; sourceTree = "<group>"; };
		23FE24C52E763AF500ACF1F0 /* InfoPlist.xcstrings */ = {isa = PBXFileReference; lastKnownFileType = text.json.xcstrings; path = InfoPlist.xcstrings; sourceTree = "<group>"; };
/* End PBXFileReference section */

/* Begin PBXFileSystemSynchronizedBuildFileExceptionSet section */
		23FE24C42E76335C00ACF1F0 /* Exceptions for "EagleViewer" folder in "EagleViewer" target */ = {
			isa = PBXFileSystemSynchronizedBuildFileExceptionSet;
			membershipExceptions = (
				Info.plist,
			);
			target = 23408CA92E592EBD00617E88 /* EagleViewer */;
		};
/* End PBXFileSystemSynchronizedBuildFileExceptionSet section */

/* Begin PBXFileSystemSynchronizedRootGroup section */
		23408CAC2E592EBD00617E88 /* EagleViewer */ = {
			isa = PBXFileSystemSynchronizedRootGroup;
			exceptions = (
				23FE24C42E76335C00ACF1F0 /* Exceptions for "EagleViewer" folder in "EagleViewer" target */,
			);
			path = EagleViewer;
			sourceTree = "<group>";
		};
/* End PBXFileSystemSynchronizedRootGroup section */

/* Begin PBXFrameworksBuildPhase section */
		23408CA72E592EBD00617E88 /* Frameworks */ = {
			isa = PBXFrameworksBuildPhase;
			buildActionMask = 2147483647;
			files = (
				23E75EE22E84A7BC0002179A /* SDWebImageWebPCoder in Frameworks */,
				23E75EDD2E84979C0002179A /* SDWebImage in Frameworks */,
				23F7D9812E5B7A4300B51BD0 /* Nuke in Frameworks */,
				2355206E2F13F55500F934D2 /* Textual in Frameworks */,
				23408CBD2E5930B600617E88 /* GRDBQuery in Frameworks */,
				23F7D9852E5B7A4300B51BD0 /* NukeVideo in Frameworks */,
				23408CBA2E59309A00617E88 /* GRDB in Frameworks */,
				23F7D9832E5B7A4300B51BD0 /* NukeUI in Frameworks */,
			);
			runOnlyForDeploymentPostprocessing = 0;
		};
/* End PBXFrameworksBuildPhase section */

/* Begin PBXGroup section */
		23408CA12E592EBD00617E88 = {
			isa = PBXGroup;
			children = (
				23FE24C52E763AF500ACF1F0 /* InfoPlist.xcstrings */,
				237FA0F02E6119D500CECD8F /* Localizable.xcstrings */,
				23408CAC2E592EBD00617E88 /* EagleViewer */,
				23408CAB2E592EBD00617E88 /* Products */,
			);
			sourceTree = "<group>";
		};
		23408CAB2E592EBD00617E88 /* Products */ = {
			isa = PBXGroup;
			children = (
				23408CAA2E592EBD00617E88 /* EagleViewer.app */,
			);
			name = Products;
			sourceTree = "<group>";
		};
/* End PBXGroup section */

/* Begin PBXNativeTarget section */
		23408CA92E592EBD00617E88 /* EagleViewer */ = {
			isa = PBXNativeTarget;
			buildConfigurationList = 23408CB52E592EBE00617E88 /* Build configuration list for PBXNativeTarget "EagleViewer" */;
			buildPhases = (
				23408CA62E592EBD00617E88 /* Sources */,
				23408CA72E592EBD00617E88 /* Frameworks */,
				23408CA82E592EBD00617E88 /* Resources */,
			);
			buildRules = (
			);
			dependencies = (
			);
			fileSystemSynchronizedGroups = (
				23408CAC2E592EBD00617E88 /* EagleViewer */,
			);
			name = EagleViewer;
			packageProductDependencies = (
				23408CB92E59309A00617E88 /* GRDB */,
				23408CBC2E5930B600617E88 /* GRDBQuery */,
				23F7D9802E5B7A4300B51BD0 /* Nuke */,
				23F7D9822E5B7A4300B51BD0 /* NukeUI */,
				23F7D9842E5B7A4300B51BD0 /* NukeVideo */,
				23E75EDC2E84979C0002179A /* SDWebImage */,
				23E75EE12E84A7BC0002179A /* SDWebImageWebPCoder */,
				2355206D2F13F55500F934D2 /* Textual */,
			);
			productName = EagleViewer;
			productReference = 23408CAA2E592EBD00617E88 /* EagleViewer.app */;
			productType = "com.apple.product-type.application";
		};
/* End PBXNativeTarget section */

/* Begin PBXProject section */
		23408CA22E592EBD00617E88 /* Project object */ = {
			isa = PBXProject;
			attributes = {
				BuildIndependentTargetsInParallel = 1;
				LastSwiftUpdateCheck = 1640;
				LastUpgradeCheck = 1640;
				TargetAttributes = {
					23408CA92E592EBD00617E88 = {
						CreatedOnToolsVersion = 16.4;
					};
				};
			};
			buildConfigurationList = 23408CA52E592EBD00617E88 /* Build configuration list for PBXProject "EagleViewer" */;
			developmentRegion = en;
			hasScannedForEncodings = 0;
			knownRegions = (
				en,
				Base,
				ja,
			);
			mainGroup = 23408CA12E592EBD00617E88;
			minimizedProjectReferenceProxies = 1;
			packageReferences = (
				23408CB82E59309A00617E88 /* XCRemoteSwiftPackageReference "GRDB.swift" */,
				23408CBB2E5930B600617E88 /* XCRemoteSwiftPackageReference "GRDBQuery" */,
				23F7D97F2E5B7A4300B51BD0 /* XCRemoteSwiftPackageReference "Nuke" */,
				23E75EDB2E84979C0002179A /* XCRemoteSwiftPackageReference "SDWebImage" */,
				23E75EE02E84A7BC0002179A /* XCRemoteSwiftPackageReference "SDWebImageWebPCoder" */,
				2355206C2F13F55500F934D2 /* XCRemoteSwiftPackageReference "textual" */,
			);
			preferredProjectObjectVersion = 77;
			productRefGroup = 23408CAB2E592EBD00617E88 /* Products */;
			projectDirPath = "";
			projectRoot = "";
			targets = (
				23408CA92E592EBD00617E88 /* EagleViewer */,
			);
		};
/* End PBXProject section */

/* Begin PBXResourcesBuildPhase section */
		23408CA82E592EBD00617E88 /* Resources */ = {
			isa = PBXResourcesBuildPhase;
			buildActionMask = 2147483647;
			files = (
				23FE24C62E763AF500ACF1F0 /* InfoPlist.xcstrings in Resources */,
				237FA0F12E6119D500CECD8F /* Localizable.xcstrings in Resources */,
			);
			runOnlyForDeploymentPostprocessing = 0;
		};
/* End PBXResourcesBuildPhase section */

/* Begin PBXSourcesBuildPhase section */
		23408CA62E592EBD00617E88 /* Sources */ = {
			isa = PBXSourcesBuildPhase;
			buildActionMask = 2147483647;
			files = (
			);
			runOnlyForDeploymentPostprocessing = 0;
		};
/* End PBXSourcesBuildPhase section */

/* Begin XCBuildConfiguration section */
		23408CB32E592EBE00617E88 /* Debug */ = {
			isa = XCBuildConfiguration;
			buildSettings = {
				ALWAYS_SEARCH_USER_PATHS = NO;
				ASSETCATALOG_COMPILER_GENERATE_SWIFT_ASSET_SYMBOL_EXTENSIONS = YES;
				CLANG_ANALYZER_NONNULL = YES;
				CLANG_ANALYZER_NUMBER_OBJECT_CONVERSION = YES_AGGRESSIVE;
				CLANG_CXX_LANGUAGE_STANDARD = "gnu++20";
				CLANG_ENABLE_MODULES = YES;
				CLANG_ENABLE_OBJC_ARC = YES;
				CLANG_ENABLE_OBJC_WEAK = YES;
				CLANG_WARN_BLOCK_CAPTURE_AUTORELEASING = YES;
				CLANG_WARN_BOOL_CONVERSION = YES;
				CLANG_WARN_COMMA = YES;
				CLANG_WARN_CONSTANT_CONVERSION = YES;
				CLANG_WARN_DEPRECATED_OBJC_IMPLEMENTATIONS = YES;
				CLANG_WARN_DIRECT_OBJC_ISA_USAGE = YES_ERROR;
				CLANG_WARN_DOCUMENTATION_COMMENTS = YES;
				CLANG_WARN_EMPTY_BODY = YES;
				CLANG_WARN_ENUM_CONVERSION = YES;
				CLANG_WARN_INFINITE_RECURSION = YES;
				CLANG_WARN_INT_CONVERSION = YES;
				CLANG_WARN_NON_LITERAL_NULL_CONVERSION = YES;
				CLANG_WARN_OBJC_IMPLICIT_RETAIN_SELF = YES;
				CLANG_WARN_OBJC_LITERAL_CONVERSION = YES;
				CLANG_WARN_OBJC_ROOT_CLASS = YES_ERROR;
				CLANG_WARN_QUOTED_INCLUDE_IN_FRAMEWORK_HEADER = YES;
				CLANG_WARN_RANGE_LOOP_ANALYSIS = YES;
				CLANG_WARN_STRICT_PROTOTYPES = YES;
				CLANG_WARN_SUSPICIOUS_MOVE = YES;
				CLANG_WARN_UNGUARDED_AVAILABILITY = YES_AGGRESSIVE;
				CLANG_WARN_UNREACHABLE_CODE = YES;
				CLANG_WARN__DUPLICATE_METHOD_MATCH = YES;
				COPY_PHASE_STRIP = NO;
				DEBUG_INFORMATION_FORMAT = dwarf;
				DEVELOPMENT_TEAM = 293FWB5XED;
				ENABLE_STRICT_OBJC_MSGSEND = YES;
				ENABLE_TESTABILITY = YES;
				ENABLE_USER_SCRIPT_SANDBOXING = YES;
				GCC_C_LANGUAGE_STANDARD = gnu17;
				GCC_DYNAMIC_NO_PIC = NO;
				GCC_NO_COMMON_BLOCKS = YES;
				GCC_OPTIMIZATION_LEVEL = 0;
				GCC_PREPROCESSOR_DEFINITIONS = (
					"DEBUG=1",
					"$(inherited)",
				);
				GCC_WARN_64_TO_32_BIT_CONVERSION = YES;
				GCC_WARN_ABOUT_RETURN_TYPE = YES_ERROR;
				GCC_WARN_UNDECLARED_SELECTOR = YES;
				GCC_WARN_UNINITIALIZED_AUTOS = YES_AGGRESSIVE;
				GCC_WARN_UNUSED_FUNCTION = YES;
				GCC_WARN_UNUSED_VARIABLE = YES;
				IPHONEOS_DEPLOYMENT_TARGET = 26.0;
				LOCALIZATION_PREFERS_STRING_CATALOGS = YES;
				MTL_ENABLE_DEBUG_INFO = INCLUDE_SOURCE;
				MTL_FAST_MATH = YES;
				ONLY_ACTIVE_ARCH = YES;
				SDKROOT = iphoneos;
				SWIFT_ACTIVE_COMPILATION_CONDITIONS = "DEBUG $(inherited)";
				SWIFT_EMIT_LOC_STRINGS = YES;
				SWIFT_OPTIMIZATION_LEVEL = "-Onone";
			};
			name = Debug;
		};
		23408CB42E592EBE00617E88 /* Release */ = {
			isa = XCBuildConfiguration;
			buildSettings = {
				ALWAYS_SEARCH_USER_PATHS = NO;
				ASSETCATALOG_COMPILER_GENERATE_SWIFT_ASSET_SYMBOL_EXTENSIONS = YES;
				CLANG_ANALYZER_NONNULL = YES;
				CLANG_ANALYZER_NUMBER_OBJECT_CONVERSION = YES_AGGRESSIVE;
				CLANG_CXX_LANGUAGE_STANDARD = "gnu++20";
				CLANG_ENABLE_MODULES = YES;
				CLANG_ENABLE_OBJC_ARC = YES;
				CLANG_ENABLE_OBJC_WEAK = YES;
				CLANG_WARN_BLOCK_CAPTURE_AUTORELEASING = YES;
				CLANG_WARN_BOOL_CONVERSION = YES;
				CLANG_WARN_COMMA = YES;
				CLANG_WARN_CONSTANT_CONVERSION = YES;
				CLANG_WARN_DEPRECATED_OBJC_IMPLEMENTATIONS = YES;
				CLANG_WARN_DIRECT_OBJC_ISA_USAGE = YES_ERROR;
				CLANG_WARN_DOCUMENTATION_COMMENTS = YES;
				CLANG_WARN_EMPTY_BODY = YES;
				CLANG_WARN_ENUM_CONVERSION = YES;
				CLANG_WARN_INFINITE_RECURSION = YES;
				CLANG_WARN_INT_CONVERSION = YES;
				CLANG_WARN_NON_LITERAL_NULL_CONVERSION = YES;
				CLANG_WARN_OBJC_IMPLICIT_RETAIN_SELF = YES;
				CLANG_WARN_OBJC_LITERAL_CONVERSION = YES;
				CLANG_WARN_OBJC_ROOT_CLASS = YES_ERROR;
				CLANG_WARN_QUOTED_INCLUDE_IN_FRAMEWORK_HEADER = YES;
				CLANG_WARN_RANGE_LOOP_ANALYSIS = YES;
				CLANG_WARN_STRICT_PROTOTYPES = YES;
				CLANG_WARN_SUSPICIOUS_MOVE = YES;
				CLANG_WARN_UNGUARDED_AVAILABILITY = YES_AGGRESSIVE;
				CLANG_WARN_UNREACHABLE_CODE = YES;
				CLANG_WARN__DUPLICATE_METHOD_MATCH = YES;
				COPY_PHASE_STRIP = NO;
				DEBUG_INFORMATION_FORMAT = "dwarf-with-dsym";
				DEVELOPMENT_TEAM = 293FWB5XED;
				ENABLE_NS_ASSERTIONS = NO;
				ENABLE_STRICT_OBJC_MSGSEND = YES;
				ENABLE_USER_SCRIPT_SANDBOXING = YES;
				GCC_C_LANGUAGE_STANDARD = gnu17;
				GCC_NO_COMMON_BLOCKS = YES;
				GCC_WARN_64_TO_32_BIT_CONVERSION = YES;
				GCC_WARN_ABOUT_RETURN_TYPE = YES_ERROR;
				GCC_WARN_UNDECLARED_SELECTOR = YES;
				GCC_WARN_UNINITIALIZED_AUTOS = YES_AGGRESSIVE;
				GCC_WARN_UNUSED_FUNCTION = YES;
				GCC_WARN_UNUSED_VARIABLE = YES;
				IPHONEOS_DEPLOYMENT_TARGET = 26.0;
				LOCALIZATION_PREFERS_STRING_CATALOGS = YES;
				MTL_ENABLE_DEBUG_INFO = NO;
				MTL_FAST_MATH = YES;
				SDKROOT = iphoneos;
				SWIFT_COMPILATION_MODE = wholemodule;
				SWIFT_EMIT_LOC_STRINGS = YES;
				VALIDATE_PRODUCT = YES;
			};
			name = Release;
		};
		23408CB62E592EBE00617E88 /* Debug */ = {
			isa = XCBuildConfiguration;
			buildSettings = {
				ASSETCATALOG_COMPILER_APPICON_NAME = AppIcon;
				ASSETCATALOG_COMPILER_GLOBAL_ACCENT_COLOR_NAME = AccentColor;
				CODE_SIGN_ENTITLEMENTS = EagleViewer/EagleViewer.entitlements;
				CODE_SIGN_STYLE = Automatic;
				CURRENT_PROJECT_VERSION = 2;
				DEVELOPMENT_TEAM = 293FWB5XED;
				ENABLE_PREVIEWS = YES;
				GENERATE_INFOPLIST_FILE = YES;
				INFOPLIST_FILE = EagleViewer/Info.plist;
				INFOPLIST_KEY_CFBundleDisplayName = "Eagle Viewer";
				INFOPLIST_KEY_ITSAppUsesNonExemptEncryption = NO;
				INFOPLIST_KEY_LSApplicationCategoryType = "public.app-category.photography";
				INFOPLIST_KEY_NSPhotoLibraryAddUsageDescription = "Add image to the Photos app";
				INFOPLIST_KEY_UIApplicationSceneManifest_Generation = YES;
				INFOPLIST_KEY_UIApplicationSupportsIndirectInputEvents = YES;
				INFOPLIST_KEY_UILaunchScreen_Generation = YES;
				INFOPLIST_KEY_UISupportedInterfaceOrientations = "UIInterfaceOrientationLandscapeLeft UIInterfaceOrientationLandscapeRight UIInterfaceOrientationPortrait UIInterfaceOrientationPortraitUpsideDown";
				IPHONEOS_DEPLOYMENT_TARGET = 18.6;
				LD_RUNPATH_SEARCH_PATHS = (
					"$(inherited)",
					"@executable_path/Frameworks",
				);
				MARKETING_VERSION = 1.2.9;
				PRODUCT_BUNDLE_IDENTIFIER = com.naamiru.EagleViewer;
				PRODUCT_NAME = "$(TARGET_NAME)";
				SUPPORTED_PLATFORMS = "iphoneos iphonesimulator";
				SUPPORTS_MACCATALYST = NO;
				SUPPORTS_MAC_DESIGNED_FOR_IPHONE_IPAD = NO;
				SUPPORTS_XR_DESIGNED_FOR_IPHONE_IPAD = NO;
				SWIFT_EMIT_LOC_STRINGS = YES;
				SWIFT_VERSION = 5.0;
				TARGETED_DEVICE_FAMILY = "1,2";
			};
			name = Debug;
		};
		23408CB72E592EBE00617E88 /* Release */ = {
			isa = XCBuildConfiguration;
			buildSettings = {
				ASSETCATALOG_COMPILER_APPICON_NAME = AppIcon;
				ASSETCATALOG_COMPILER_GLOBAL_ACCENT_COLOR_NAME = AccentColor;
				CODE_SIGN_ENTITLEMENTS = EagleViewer/EagleViewer.entitlements;
				CODE_SIGN_STYLE = Automatic;
				CURRENT_PROJECT_VERSION = 2;
				DEVELOPMENT_TEAM = 293FWB5XED;
				ENABLE_PREVIEWS = YES;
				GENERATE_INFOPLIST_FILE = YES;
				INFOPLIST_FILE = EagleViewer/Info.plist;
				INFOPLIST_KEY_CFBundleDisplayName = "Eagle Viewer";
				INFOPLIST_KEY_ITSAppUsesNonExemptEncryption = NO;
				INFOPLIST_KEY_LSApplicationCategoryType = "public.app-category.photography";
				INFOPLIST_KEY_NSPhotoLibraryAddUsageDescription = "Add image to the Photos app";
				INFOPLIST_KEY_UIApplicationSceneManifest_Generation = YES;
				INFOPLIST_KEY_UIApplicationSupportsIndirectInputEvents = YES;
				INFOPLIST_KEY_UILaunchScreen_Generation = YES;
				INFOPLIST_KEY_UISupportedInterfaceOrientations = "UIInterfaceOrientationLandscapeLeft UIInterfaceOrientationLandscapeRight UIInterfaceOrientationPortrait UIInterfaceOrientationPortraitUpsideDown";
				IPHONEOS_DEPLOYMENT_TARGET = 18.6;
				LD_RUNPATH_SEARCH_PATHS = (
					"$(inherited)",
					"@executable_path/Frameworks",
				);
				MARKETING_VERSION = 1.2.9;
				PRODUCT_BUNDLE_IDENTIFIER = com.naamiru.EagleViewer;
				PRODUCT_NAME = "$(TARGET_NAME)";
				SUPPORTED_PLATFORMS = "iphoneos iphonesimulator";
				SUPPORTS_MACCATALYST = NO;
				SUPPORTS_MAC_DESIGNED_FOR_IPHONE_IPAD = NO;
				SUPPORTS_XR_DESIGNED_FOR_IPHONE_IPAD = NO;
				SWIFT_EMIT_LOC_STRINGS = YES;
				SWIFT_VERSION = 5.0;
				TARGETED_DEVICE_FAMILY = "1,2";
			};
			name = Release;
		};
/* End XCBuildConfiguration section */

/* Begin XCConfigurationList section */
		23408CA52E592EBD00617E88 /* Build configuration list for PBXProject "EagleViewer" */ = {
			isa = XCConfigurationList;
			buildConfigurations = (
				23408CB32E592EBE00617E88 /* Debug */,
				23408CB42E592EBE00617E88 /* Release */,
			);
			defaultConfigurationIsVisible = 0;
			defaultConfigurationName = Release;
		};
		23408CB52E592EBE00617E88 /* Build configuration list for PBXNativeTarget "EagleViewer" */ = {
			isa = XCConfigurationList;
			buildConfigurations = (
				23408CB62E592EBE00617E88 /* Debug */,
				23408CB72E592EBE00617E88 /* Release */,
			);
			defaultConfigurationIsVisible = 0;
			defaultConfigurationName = Release;
		};
/* End XCConfigurationList section */

/* Begin XCRemoteSwiftPackageReference section */
		23408CB82E59309A00617E88 /* XCRemoteSwiftPackageReference "GRDB.swift" */ = {
			isa = XCRemoteSwiftPackageReference;
			repositoryURL = "https://github.com/groue/GRDB.swift.git";
			requirement = {
				kind = exactVersion;
				version = 7.6.1;
			};
		};
		23408CBB2E5930B600617E88 /* XCRemoteSwiftPackageReference "GRDBQuery" */ = {
			isa = XCRemoteSwiftPackageReference;
			repositoryURL = "https://github.com/groue/GRDBQuery";
			requirement = {
				kind = exactVersion;
				version = 0.11.0;
			};
		};
		2355206C2F13F55500F934D2 /* XCRemoteSwiftPackageReference "textual" */ = {
			isa = XCRemoteSwiftPackageReference;
			repositoryURL = "https://github.com/gonzalezreal/textual";
			requirement = {
				kind = upToNextMajorVersion;
				minimumVersion = 0.2.0;
			};
		};
		23E75EDB2E84979C0002179A /* XCRemoteSwiftPackageReference "SDWebImage" */ = {
			isa = XCRemoteSwiftPackageReference;
			repositoryURL = "https://github.com/SDWebImage/SDWebImage.git";
			requirement = {
				kind = upToNextMajorVersion;
				minimumVersion = 5.21.2;
			};
		};
		23E75EE02E84A7BC0002179A /* XCRemoteSwiftPackageReference "SDWebImageWebPCoder" */ = {
			isa = XCRemoteSwiftPackageReference;
			repositoryURL = "https://github.com/SDWebImage/SDWebImageWebPCoder.git";
			requirement = {
				kind = upToNextMajorVersion;
				minimumVersion = 0.14.6;
			};
		};
		23F7D97F2E5B7A4300B51BD0 /* XCRemoteSwiftPackageReference "Nuke" */ = {
			isa = XCRemoteSwiftPackageReference;
			repositoryURL = "https://github.com/kean/Nuke";
			requirement = {
				kind = exactVersion;
				version = 12.8.0;
			};
		};
/* End XCRemoteSwiftPackageReference section */

/* Begin XCSwiftPackageProductDependency section */
		23408CB92E59309A00617E88 /* GRDB */ = {
			isa = XCSwiftPackageProductDependency;
			package = 23408CB82E59309A00617E88 /* XCRemoteSwiftPackageReference "GRDB.swift" */;
			productName = GRDB;
		};
		23408CBC2E5930B600617E88 /* GRDBQuery */ = {
			isa = XCSwiftPackageProductDependency;
			package = 23408CBB2E5930B600617E88 /* XCRemoteSwiftPackageReference "GRDBQuery" */;
			productName = GRDBQuery;
		};
		2355206D2F13F55500F934D2 /* Textual */ = {
			isa = XCSwiftPackageProductDependency;
			package = 2355206C2F13F55500F934D2 /* XCRemoteSwiftPackageReference "textual" */;
			productName = Textual;
		};
		23E75EDC2E84979C0002179A /* SDWebImage */ = {
			isa = XCSwiftPackageProductDependency;
			package = 23E75EDB2E84979C0002179A /* XCRemoteSwiftPackageReference "SDWebImage" */;
			productName = SDWebImage;
		};
		23E75EE12E84A7BC0002179A /* SDWebImageWebPCoder */ = {
			isa = XCSwiftPackageProductDependency;
			package = 23E75EE02E84A7BC0002179A /* XCRemoteSwiftPackageReference "SDWebImageWebPCoder" */;
			productName = SDWebImageWebPCoder;
		};
		23F7D9802E5B7A4300B51BD0 /* Nuke */ = {
			isa = XCSwiftPackageProductDependency;
			package = 23F7D97F2E5B7A4300B51BD0 /* XCRemoteSwiftPackageReference "Nuke" */;
			productName = Nuke;
		};
		23F7D9822E5B7A4300B51BD0 /* NukeUI */ = {
			isa = XCSwiftPackageProductDependency;
			package = 23F7D97F2E5B7A4300B51BD0 /* XCRemoteSwiftPackageReference "Nuke" */;
			productName = NukeUI;
		};
		23F7D9842E5B7A4300B51BD0 /* NukeVideo */ = {
			isa = XCSwiftPackageProductDependency;
			package = 23F7D97F2E5B7A4300B51BD0 /* XCRemoteSwiftPackageReference "Nuke" */;
			productName = NukeVideo;
		};
/* End XCSwiftPackageProductDependency section */
	};
	rootObject = 23408CA22E592EBD00617E88 /* Project object */;
}
